// !$*UTF8*$!
{
	archiveVersion = 1;
	classes = {
	};
	objectVersion = 46;
	objects = {

/* Begin PBXBuildFile section */
		BFC8B4FAFE6E082C28D51971 /* libPods-ReachtNative-02.a in Frameworks */ = {isa = PBXBuildFile; fileRef = 645EC8EF17D138F7F00C8C32 /* libPods-ReachtNative-02.a */; };
		D8FDA8F41D30F76B002E15B5 /* main.m in Sources */ = {isa = PBXBuildFile; fileRef = D8FDA8F31D30F76B002E15B5 /* main.m */; };
		D8FDA8F71D30F76B002E15B5 /* AppDelegate.m in Sources */ = {isa = PBXBuildFile; fileRef = D8FDA8F61D30F76B002E15B5 /* AppDelegate.m */; };
		D8FDA8FA1D30F76B002E15B5 /* ViewController.m in Sources */ = {isa = PBXBuildFile; fileRef = D8FDA8F91D30F76B002E15B5 /* ViewController.m */; };
		D8FDA8FD1D30F76B002E15B5 /* Main.storyboard in Resources */ = {isa = PBXBuildFile; fileRef = D8FDA8FB1D30F76B002E15B5 /* Main.storyboard */; };
		D8FDA8FF1D30F76B002E15B5 /* Assets.xcassets in Resources */ = {isa = PBXBuildFile; fileRef = D8FDA8FE1D30F76B002E15B5 /* Assets.xcassets */; };
		D8FDA9021D30F76B002E15B5 /* LaunchScreen.storyboard in Resources */ = {isa = PBXBuildFile; fileRef = D8FDA9001D30F76B002E15B5 /* LaunchScreen.storyboard */; };
/* End PBXBuildFile section */

/* Begin PBXFileReference section */
		42787340E225508EC008E20B /* Pods-ReachtNative-02.debug.xcconfig */ = {isa = PBXFileReference; includeInIndex = 1; lastKnownFileType = text.xcconfig; name = "Pods-ReachtNative-02.debug.xcconfig"; path = "Pods/Target Support Files/Pods-ReachtNative-02/Pods-ReachtNative-02.debug.xcconfig"; sourceTree = "<group>"; };
		645EC8EF17D138F7F00C8C32 /* libPods-ReachtNative-02.a */ = {isa = PBXFileReference; explicitFileType = archive.ar; includeInIndex = 0; path = "libPods-ReachtNative-02.a"; sourceTree = BUILT_PRODUCTS_DIR; };
		D8FDA8EF1D30F76B002E15B5 /* ReachtNative-02.app */ = {isa = PBXFileReference; explicitFileType = wrapper.application; includeInIndex = 0; path = "ReachtNative-02.app"; sourceTree = BUILT_PRODUCTS_DIR; };
		D8FDA8F31D30F76B002E15B5 /* main.m */ = {isa = PBXFileReference; lastKnownFileType = sourcecode.c.objc; path = main.m; sourceTree = "<group>"; };
		D8FDA8F51D30F76B002E15B5 /* AppDelegate.h */ = {isa = PBXFileReference; lastKnownFileType = sourcecode.c.h; path = AppDelegate.h; sourceTree = "<group>"; };
		D8FDA8F61D30F76B002E15B5 /* AppDelegate.m */ = {isa = PBXFileReference; lastKnownFileType = sourcecode.c.objc; path = AppDelegate.m; sourceTree = "<group>"; };
		D8FDA8F81D30F76B002E15B5 /* ViewController.h */ = {isa = PBXFileReference; lastKnownFileType = sourcecode.c.h; path = ViewController.h; sourceTree = "<group>"; };
		D8FDA8F91D30F76B002E15B5 /* ViewController.m */ = {isa = PBXFileReference; lastKnownFileType = sourcecode.c.objc; path = ViewController.m; sourceTree = "<group>"; };
		D8FDA8FC1D30F76B002E15B5 /* Base */ = {isa = PBXFileReference; lastKnownFileType = file.storyboard; name = Base; path = Base.lproj/Main.storyboard; sourceTree = "<group>"; };
		D8FDA8FE1D30F76B002E15B5 /* Assets.xcassets */ = {isa = PBXFileReference; lastKnownFileType = folder.assetcatalog; path = Assets.xcassets; sourceTree = "<group>"; };
		D8FDA9011D30F76B002E15B5 /* Base */ = {isa = PBXFileReference; lastKnownFileType = file.storyboard; name = Base; path = Base.lproj/LaunchScreen.storyboard; sourceTree = "<group>"; };
		D8FDA9031D30F76B002E15B5 /* Info.plist */ = {isa = PBXFileReference; lastKnownFileType = text.plist.xml; path = Info.plist; sourceTree = "<group>"; };
		F5E88C8B84733F2F75630423 /* Pods-ReachtNative-02.release.xcconfig */ = {isa = PBXFileReference; includeInIndex = 1; lastKnownFileType = text.xcconfig; name = "Pods-ReachtNative-02.release.xcconfig"; path = "Pods/Target Support Files/Pods-ReachtNative-02/Pods-ReachtNative-02.release.xcconfig"; sourceTree = "<group>"; };
/* End PBXFileReference section */

/* Begin PBXFrameworksBuildPhase section */
		D8FDA8EC1D30F76B002E15B5 /* Frameworks */ = {
			isa = PBXFrameworksBuildPhase;
			buildActionMask = 2147483647;
			files = (
				BFC8B4FAFE6E082C28D51971 /* libPods-ReachtNative-02.a in Frameworks */,
			);
			runOnlyForDeploymentPostprocessing = 0;
		};
/* End PBXFrameworksBuildPhase section */

/* Begin PBXGroup section */
		91146E34B53EE1ED3B07F3F0 /* Pods */ = {
			isa = PBXGroup;
			children = (
				42787340E225508EC008E20B /* Pods-ReachtNative-02.debug.xcconfig */,
				F5E88C8B84733F2F75630423 /* Pods-ReachtNative-02.release.xcconfig */,
			);
			name = Pods;
			sourceTree = "<group>";
		};
		C68BA59D1C870DCCCA15ACA6 /* Frameworks */ = {
			isa = PBXGroup;
			children = (
				645EC8EF17D138F7F00C8C32 /* libPods-ReachtNative-02.a */,
			);
			name = Frameworks;
			sourceTree = "<group>";
		};
		D8FDA8E61D30F76B002E15B5 = {
			isa = PBXGroup;
			children = (
				D8FDA8F11D30F76B002E15B5 /* ReachtNative-02 */,
				D8FDA8F01D30F76B002E15B5 /* Products */,
				91146E34B53EE1ED3B07F3F0 /* Pods */,
				C68BA59D1C870DCCCA15ACA6 /* Frameworks */,
			);
			sourceTree = "<group>";
		};
		D8FDA8F01D30F76B002E15B5 /* Products */ = {
			isa = PBXGroup;
			children = (
				D8FDA8EF1D30F76B002E15B5 /* ReachtNative-02.app */,
			);
			name = Products;
			sourceTree = "<group>";
		};
		D8FDA8F11D30F76B002E15B5 /* ReachtNative-02 */ = {
			isa = PBXGroup;
			children = (
				D8FDA8F51D30F76B002E15B5 /* AppDelegate.h */,
				D8FDA8F61D30F76B002E15B5 /* AppDelegate.m */,
				D8FDA8F81D30F76B002E15B5 /* ViewController.h */,
				D8FDA8F91D30F76B002E15B5 /* ViewController.m */,
				D8FDA8FB1D30F76B002E15B5 /* Main.storyboard */,
				D8FDA8FE1D30F76B002E15B5 /* Assets.xcassets */,
				D8FDA9001D30F76B002E15B5 /* LaunchScreen.storyboard */,
				D8FDA9031D30F76B002E15B5 /* Info.plist */,
				D8FDA8F21D30F76B002E15B5 /* Supporting Files */,
			);
			path = "ReachtNative-02";
			sourceTree = "<group>";
		};
		D8FDA8F21D30F76B002E15B5 /* Supporting Files */ = {
			isa = PBXGroup;
			children = (
				D8FDA8F31D30F76B002E15B5 /* main.m */,
			);
			name = "Supporting Files";
			sourceTree = "<group>";
		};
/* End PBXGroup section */

/* Begin PBXNativeTarget section */
		D8FDA8EE1D30F76B002E15B5 /* ReachtNative-02 */ = {
			isa = PBXNativeTarget;
			buildConfigurationList = D8FDA9061D30F76B002E15B5 /* Build configuration list for PBXNativeTarget "ReachtNative-02" */;
			buildPhases = (
				BDBC20E4B9820050049556D2 /* [CP] Check Pods Manifest.lock */,
				D8FDA8EB1D30F76B002E15B5 /* Sources */,
				D8FDA8EC1D30F76B002E15B5 /* Frameworks */,
				D8FDA8ED1D30F76B002E15B5 /* Resources */,
				7CE72D736BE4AFE80573F8B7 /* [CP] Embed Pods Frameworks */,
				8963236CD1564C5F06FEF0C6 /* [CP] Copy Pods Resources */,
			);
			buildRules = (
			);
			dependencies = (
			);
			name = "ReachtNative-02";
			productName = "ReachtNative-02";
			productReference = D8FDA8EF1D30F76B002E15B5 /* ReachtNative-02.app */;
			productType = "com.apple.product-type.application";
		};
/* End PBXNativeTarget section */

/* Begin PBXProject section */
		D8FDA8E71D30F76B002E15B5 /* Project object */ = {
			isa = PBXProject;
			attributes = {
				LastUpgradeCheck = 0720;
				ORGANIZATIONNAME = Lixuechuan;
				TargetAttributes = {
					D8FDA8EE1D30F76B002E15B5 = {
						CreatedOnToolsVersion = 7.2.1;
					};
				};
			};
			buildConfigurationList = D8FDA8EA1D30F76B002E15B5 /* Build configuration list for PBXProject "ReachtNative-02" */;
			compatibilityVersion = "Xcode 3.2";
			developmentRegion = English;
			hasScannedForEncodings = 0;
			knownRegions = (
				en,
				Base,
			);
			mainGroup = D8FDA8E61D30F76B002E15B5;
			productRefGroup = D8FDA8F01D30F76B002E15B5 /* Products */;
			projectDirPath = "";
			projectRoot = "";
			targets = (
				D8FDA8EE1D30F76B002E15B5 /* ReachtNative-02 */,
			);
		};
/* End PBXProject section */

/* Begin PBXResourcesBuildPhase section */
		D8FDA8ED1D30F76B002E15B5 /* Resources */ = {
			isa = PBXResourcesBuildPhase;
			buildActionMask = 2147483647;
			files = (
				D8FDA9021D30F76B002E15B5 /* LaunchScreen.storyboard in Resources */,
				D8FDA8FF1D30F76B002E15B5 /* Assets.xcassets in Resources */,
				D8FDA8FD1D30F76B002E15B5 /* Main.storyboard in Resources */,
			);
			runOnlyForDeploymentPostprocessing = 0;
		};
/* End PBXResourcesBuildPhase section */

/* Begin PBXShellScriptBuildPhase section */
		7CE72D736BE4AFE80573F8B7 /* [CP] Embed Pods Frameworks */ = {
			isa = PBXShellScriptBuildPhase;
			buildActionMask = 2147483647;
			files = (
			);
			inputPaths = (
			);
			name = "[CP] Embed Pods Frameworks";
			outputPaths = (
			);
			runOnlyForDeploymentPostprocessing = 0;
			shellPath = /bin/sh;
			shellScript = "\"${SRCROOT}/Pods/Target Support Files/Pods-ReachtNative-02/Pods-ReachtNative-02-frameworks.sh\"\n";
			showEnvVarsInLog = 0;
		};
		8963236CD1564C5F06FEF0C6 /* [CP] Copy Pods Resources */ = {
			isa = PBXShellScriptBuildPhase;
			buildActionMask = 2147483647;
			files = (
			);
			inputPaths = (
			);
			name = "[CP] Copy Pods Resources";
			outputPaths = (
			);
			runOnlyForDeploymentPostprocessing = 0;
			shellPath = /bin/sh;
			shellScript = "\"${SRCROOT}/Pods/Target Support Files/Pods-ReachtNative-02/Pods-ReachtNative-02-resources.sh\"\n";
			showEnvVarsInLog = 0;
		};
		BDBC20E4B9820050049556D2 /* [CP] Check Pods Manifest.lock */ = {
			isa = PBXShellScriptBuildPhase;
			buildActionMask = 2147483647;
			files = (
			);
			inputPaths = (
			);
			name = "[CP] Check Pods Manifest.lock";
			outputPaths = (
			);
			runOnlyForDeploymentPostprocessing = 0;
			shellPath = /bin/sh;
			shellScript = "diff \"${PODS_ROOT}/../Podfile.lock\" \"${PODS_ROOT}/Manifest.lock\" > /dev/null\nif [[ $? != 0 ]] ; then\n    cat << EOM\nerror: The sandbox is not in sync with the Podfile.lock. Run 'pod install' or update your CocoaPods installation.\nEOM\n    exit 1\nfi\n";
			showEnvVarsInLog = 0;
		};
/* End PBXShellScriptBuildPhase section */

/* Begin PBXSourcesBuildPhase section */
		D8FDA8EB1D30F76B002E15B5 /* Sources */ = {
			isa = PBXSourcesBuildPhase;
			buildActionMask = 2147483647;
			files = (
				D8FDA8FA1D30F76B002E15B5 /* ViewController.m in Sources */,
				D8FDA8F71D30F76B002E15B5 /* AppDelegate.m in Sources */,
				D8FDA8F41D30F76B002E15B5 /* main.m in Sources */,
			);
			runOnlyForDeploymentPostprocessing = 0;
		};
/* End PBXSourcesBuildPhase section */

/* Begin PBXVariantGroup section */
		D8FDA8FB1D30F76B002E15B5 /* Main.storyboard */ = {
			isa = PBXVariantGroup;
			children = (
				D8FDA8FC1D30F76B002E15B5 /* Base */,
			);
			name = Main.storyboard;
			sourceTree = "<group>";
		};
		D8FDA9001D30F76B002E15B5 /* LaunchScreen.storyboard */ = {
			isa = PBXVariantGroup;
			children = (
				D8FDA9011D30F76B002E15B5 /* Base */,
			);
			name = LaunchScreen.storyboard;
			sourceTree = "<group>";
		};
/* End PBXVariantGroup section */

/* Begin XCBuildConfiguration section */
		D8FDA9041D30F76B002E15B5 /* Debug */ = {
			isa = XCBuildConfiguration;
			buildSettings = {
				ALWAYS_SEARCH_USER_PATHS = NO;
				CLANG_CXX_LANGUAGE_STANDARD = "gnu++0x";
				CLANG_CXX_LIBRARY = "libc++";
				CLANG_ENABLE_MODULES = YES;
				CLANG_ENABLE_OBJC_ARC = YES;
				CLANG_WARN_BOOL_CONVERSION = YES;
				CLANG_WARN_CONSTANT_CONVERSION = YES;
				CLANG_WARN_DIRECT_OBJC_ISA_USAGE = YES_ERROR;
				CLANG_WARN_EMPTY_BODY = YES;
				CLANG_WARN_ENUM_CONVERSION = YES;
				CLANG_WARN_INT_CONVERSION = YES;
				CLANG_WARN_OBJC_ROOT_CLASS = YES_ERROR;
				CLANG_WARN_UNREACHABLE_CODE = YES;
				CLANG_WARN__DUPLICATE_METHOD_MATCH = YES;
				"CODE_SIGN_IDENTITY[sdk=iphoneos*]" = "iPhone Developer";
				COPY_PHASE_STRIP = NO;
				DEBUG_INFORMATION_FORMAT = dwarf;
				ENABLE_STRICT_OBJC_MSGSEND = YES;
				ENABLE_TESTABILITY = YES;
				GCC_C_LANGUAGE_STANDARD = gnu99;
				GCC_DYNAMIC_NO_PIC = NO;
				GCC_NO_COMMON_BLOCKS = YES;
				GCC_OPTIMIZATION_LEVEL = 0;
				GCC_PREPROCESSOR_DEFINITIONS = (
					"DEBUG=1",
					"$(inherited)",
				);
				GCC_WARN_64_TO_32_BIT_CONVERSION = YES;
				GCC_WARN_ABOUT_RETURN_TYPE = YES_ERROR;
				GCC_WARN_UNDECLARED_SELECTOR = YES;
				GCC_WARN_UNINITIALIZED_AUTOS = YES_AGGRESSIVE;
				GCC_WARN_UNUSED_FUNCTION = YES;
				GCC_WARN_UNUSED_VARIABLE = YES;
				IPHONEOS_DEPLOYMENT_TARGET = 9.2;
				MTL_ENABLE_DEBUG_INFO = YES;
				ONLY_ACTIVE_ARCH = YES;
				SDKROOT = iphoneos;
			};
			name = Debug;
		};
		D8FDA9051D30F76B002E15B5 /* Release */ = {
			isa = XCBuildConfiguration;
			buildSettings = {
				ALWAYS_SEARCH_USER_PATHS = NO;
				CLANG_CXX_LANGUAGE_STANDARD = "gnu++0x";
				CLANG_CXX_LIBRARY = "libc++";
				CLANG_ENABLE_MODULES = YES;
				CLANG_ENABLE_OBJC_ARC = YES;
				CLANG_WARN_BOOL_CONVERSION = YES;
				CLANG_WARN_CONSTANT_CONVERSION = YES;
				CLANG_WARN_DIRECT_OBJC_ISA_USAGE = YES_ERROR;
				CLANG_WARN_EMPTY_BODY = YES;
				CLANG_WARN_ENUM_CONVERSION = YES;
				CLANG_WARN_INT_CONVERSION = YES;
				CLANG_WARN_OBJC_ROOT_CLASS = YES_ERROR;
				CLANG_WARN_UNREACHABLE_CODE = YES;
				CLANG_WARN__DUPLICATE_METHOD_MATCH = YES;
				"CODE_SIGN_IDENTITY[sdk=iphoneos*]" = "iPhone Developer";
				COPY_PHASE_STRIP = NO;
				DEBUG_INFORMATION_FORMAT = "dwarf-with-dsym";
				ENABLE_NS_ASSERTIONS = NO;
				ENABLE_STRICT_OBJC_MSGSEND = YES;
				GCC_C_LANGUAGE_STANDARD = gnu99;
				GCC_NO_COMMON_BLOCKS = YES;
				GCC_WARN_64_TO_32_BIT_CONVERSION = YES;
				GCC_WARN_ABOUT_RETURN_TYPE = YES_ERROR;
				GCC_WARN_UNDECLARED_SELECTOR = YES;
				GCC_WARN_UNINITIALIZED_AUTOS = YES_AGGRESSIVE;
				GCC_WARN_UNUSED_FUNCTION = YES;
				GCC_WARN_UNUSED_VARIABLE = YES;
				IPHONEOS_DEPLOYMENT_TARGET = 9.2;
				MTL_ENABLE_DEBUG_INFO = NO;
				SDKROOT = iphoneos;
				VALIDATE_PRODUCT = YES;
			};
			name = Release;
		};
		D8FDA9071D30F76B002E15B5 /* Debug */ = {
			isa = XCBuildConfiguration;
			baseConfigurationReference = 42787340E225508EC008E20B /* Pods-ReachtNative-02.debug.xcconfig */;
			buildSettings = {
				ASSETCATALOG_COMPILER_APPICON_NAME = AppIcon;
				INFOPLIST_FILE = "ReachtNative-02/Info.plist";
				LD_RUNPATH_SEARCH_PATHS = "$(inherited) @executable_path/Frameworks";
				PRODUCT_BUNDLE_IDENTIFIER = "com.jrj.demo.ReachtNative-02";
				PRODUCT_NAME = "$(TARGET_NAME)";
			};
			name = Debug;
		};
		D8FDA9081D30F76B002E15B5 /* Release */ = {
			isa = XCBuildConfiguration;
			baseConfigurationReference = F5E88C8B84733F2F75630423 /* Pods-ReachtNative-02.release.xcconfig */;
			buildSettings = {
				ASSETCATALOG_COMPILER_APPICON_NAME = AppIcon;
				INFOPLIST_FILE = "ReachtNative-02/Info.plist";
				LD_RUNPATH_SEARCH_PATHS = "$(inherited) @executable_path/Frameworks";
				PRODUCT_BUNDLE_IDENTIFIER = "com.jrj.demo.ReachtNative-02";
				PRODUCT_NAME = "$(TARGET_NAME)";
			};
			name = Release;
		};
/* End XCBuildConfiguration section */

/* Begin XCConfigurationList section */
		D8FDA8EA1D30F76B002E15B5 /* Build configuration list for PBXProject "ReachtNative-02" */ = {
			isa = XCConfigurationList;
			buildConfigurations = (
				D8FDA9041D30F76B002E15B5 /* Debug */,
				D8FDA9051D30F76B002E15B5 /* Release */,
			);
			defaultConfigurationIsVisible = 0;
			defaultConfigurationName = Release;
		};
		D8FDA9061D30F76B002E15B5 /* Build configuration list for PBXNativeTarget "ReachtNative-02" */ = {
			isa = XCConfigurationList;
			buildConfigurations = (
				D8FDA9071D30F76B002E15B5 /* Debug */,
				D8FDA9081D30F76B002E15B5 /* Release */,
			);
			defaultConfigurationIsVisible = 0;
			defaultConfigurationName = Release;
		};
/* End XCConfigurationList section */
	};
	rootObject = D8FDA8E71D30F76B002E15B5 /* Project object */;
}
